
Microsoft Visual Studio Solution File, Format Version 12.00
# Visual Studio Version 17
VisualStudioVersion = 17.3.32922.545
MinimumVisualStudioVersion = 10.0.40219.1
Project("{9A19103F-16F7-4668-BE54-9A1E7A4F7556}") = "01Age", "01Age\01Age.csproj", "{7CDCBB1C-CFBE-4721-8709-AC89AD5946E4}"
EndProject
Project("{9A19103F-16F7-4668-BE54-9A1E7A4F7556}") = "02Division", "02Division\02Division.csproj", "{0EF02C41-8BF2-4929-9CA4-E11946CE2823}"
EndProject
Project("{9A19103F-16F7-4668-BE54-9A1E7A4F7556}") = "03Vacation", "03Vacation\03Vacation.csproj", "{9E74A523-2880-470D-BB8B-E36FE1CF8F62}"
EndProject
Project("{9A19103F-16F7-4668-BE54-9A1E7A4F7556}") = "04PrintAndSum", "04PrintAndSum\04PrintAndSum.csproj", "{642D7D62-7180-4835-A793-1207D5889581}"
EndProject
Project("{9A19103F-16F7-4668-BE54-9A1E7A4F7556}") = "05Login", "05Login\05Login.csproj", "{91EC43FF-F97C-4282-B559-1C058590BEE3}"
EndProject
Project("{9A19103F-16F7-4668-BE54-9A1E7A4F7556}") = "06StrongNum", "06StrongNum\06StrongNum.csproj", "{518B003E-6F08-4D89-92E6-D83FAA7CD0F1}"
EndProject
Project("{9A19103F-16F7-4668-BE54-9A1E7A4F7556}") = "07VendingMachine", "07VendingMachine\07VendingMachine.csproj", "{B00F7E4A-C60C-468D-969C-B39F4A20DBEA}"
EndProject
Project("{9A19103F-16F7-4668-BE54-9A1E7A4F7556}") = "08TriangleNums", "08TriangleNums\08TriangleNums.csproj", "{E94BDA76-F48E-4057-9672-F33189A09658}"
EndProject
Project("{9A19103F-16F7-4668-BE54-9A1E7A4F7556}") = "09PadawanEquipment", "08PadawanEquipment\09PadawanEquipment.csproj", "{ADE00DE9-FAC0-44DD-A0D5-6D0F917CD2F2}"
EndProject
Project("{9A19103F-16F7-4668-BE54-9A1E7A4F7556}") = "10Rage Expenses", "10Rage Expenses\10Rage Expenses.csproj", "{E657667B-A35B-4A59-B5A4-CBD7E361C910}"
EndProject
Project("{FAE04EC0-301F-11D3-BF4B-00C04F79EFBC}") = "11Orders", "11Orders\11Orders.csproj", "{F84F93F1-30F5-4C26-91D2-7FA64F62A22C}"
EndProject
Project("{FAE04EC0-301F-11D3-BF4B-00C04F79EFBC}") = "01AddExSortNum", "01AddExSortNum\01AddExSortNum.csproj", "{AA6342D3-331C-4660-9E91-5E58DA96A5F8}"
EndProject
Global
	GlobalSection(SolutionConfigurationPlatforms) = preSolution
		Debug|Any CPU = Debug|Any CPU
		Release|Any CPU = Release|Any CPU
	EndGlobalSection
	GlobalSection(ProjectConfigurationPlatforms) = postSolution
		{7CDCBB1C-CFBE-4721-8709-AC89AD5946E4}.Debug|Any CPU.ActiveCfg = Debug|Any CPU
		{7CDCBB1C-CFBE-4721-8709-AC89AD5946E4}.Debug|Any CPU.Build.0 = Debug|Any CPU
		{7CDCBB1C-CFBE-4721-8709-AC89AD5946E4}.Release|Any CPU.ActiveCfg = Release|Any CPU
		{7CDCBB1C-CFBE-4721-8709-AC89AD5946E4}.Release|Any CPU.Build.0 = Release|Any CPU
		{0EF02C41-8BF2-4929-9CA4-E11946CE2823}.Debug|Any CPU.ActiveCfg = Debug|Any CPU
		{0EF02C41-8BF2-4929-9CA4-E11946CE2823}.Debug|Any CPU.Build.0 = Debug|Any CPU
		{0EF02C41-8BF2-4929-9CA4-E11946CE2823}.Release|Any CPU.ActiveCfg = Release|Any CPU
		{0EF02C41-8BF2-4929-9CA4-E11946CE2823}.Release|Any CPU.Build.0 = Release|Any CPU
		{9E74A523-2880-470D-BB8B-E36FE1CF8F62}.Debug|Any CPU.ActiveCfg = Debug|Any CPU
		{9E74A523-2880-470D-BB8B-E36FE1CF8F62}.Debug|Any CPU.Build.0 = Debug|Any CPU
		{9E74A523-2880-470D-BB8B-E36FE1CF8F62}.Release|Any CPU.ActiveCfg = Release|Any CPU
		{9E74A523-2880-470D-BB8B-E36FE1CF8F62}.Release|Any CPU.Build.0 = Release|Any CPU
		{642D7D62-7180-4835-A793-1207D5889581}.Debug|Any CPU.ActiveCfg = Debug|Any CPU
		{642D7D62-7180-4835-A793-1207D5889581}.Debug|Any CPU.Build.0 = Debug|Any CPU
		{642D7D62-7180-4835-A793-1207D5889581}.Release|Any CPU.ActiveCfg = Release|Any CPU
		{642D7D62-7180-4835-A793-1207D5889581}.Release|Any CPU.Build.0 = Release|Any CPU
		{91EC43FF-F97C-4282-B559-1C058590BEE3}.Debug|Any CPU.ActiveCfg = Debug|Any CPU
		{91EC43FF-F97C-4282-B559-1C058590BEE3}.Debug|Any CPU.Build.0 = Debug|Any CPU
		{91EC43FF-F97C-4282-B559-1C058590BEE3}.Release|Any CPU.ActiveCfg = Release|Any CPU
		{91EC43FF-F97C-4282-B559-1C058590BEE3}.Release|Any CPU.Build.0 = Release|Any CPU
		{518B003E-6F08-4D89-92E6-D83FAA7CD0F1}.Debug|Any CPU.ActiveCfg = Debug|Any CPU
		{518B003E-6F08-4D89-92E6-D83FAA7CD0F1}.Debug|Any CPU.Build.0 = Debug|Any CPU
		{518B003E-6F08-4D89-92E6-D83FAA7CD0F1}.Release|Any CPU.ActiveCfg = Release|Any CPU
		{518B003E-6F08-4D89-92E6-D83FAA7CD0F1}.Release|Any CPU.Build.0 = Release|Any CPU
		{B00F7E4A-C60C-468D-969C-B39F4A20DBEA}.Debug|Any CPU.ActiveCfg = Debug|Any CPU
		{B00F7E4A-C60C-468D-969C-B39F4A20DBEA}.Debug|Any CPU.Build.0 = Debug|Any CPU
		{B00F7E4A-C60C-468D-969C-B39F4A20DBEA}.Release|Any CPU.ActiveCfg = Release|Any CPU
		{B00F7E4A-C60C-468D-969C-B39F4A20DBEA}.Release|Any CPU.Build.0 = Release|Any CPU
		{E94BDA76-F48E-4057-9672-F33189A09658}.Debug|Any CPU.ActiveCfg = Debug|Any CPU
		{E94BDA76-F48E-4057-9672-F33189A09658}.Debug|Any CPU.Build.0 = Debug|Any CPU
		{E94BDA76-F48E-4057-9672-F33189A09658}.Release|Any CPU.ActiveCfg = Release|Any CPU
		{E94BDA76-F48E-4057-9672-F33189A09658}.Release|Any CPU.Build.0 = Release|Any CPU
		{ADE00DE9-FAC0-44DD-A0D5-6D0F917CD2F2}.Debug|Any CPU.ActiveCfg = Debug|Any CPU
		{ADE00DE9-FAC0-44DD-A0D5-6D0F917CD2F2}.Debug|Any CPU.Build.0 = Debug|Any CPU
		{ADE00DE9-FAC0-44DD-A0D5-6D0F917CD2F2}.Release|Any CPU.ActiveCfg = Release|Any CPU
		{ADE00DE9-FAC0-44DD-A0D5-6D0F917CD2F2}.Release|Any CPU.Build.0 = Release|Any CPU
		{E657667B-A35B-4A59-B5A4-CBD7E361C910}.Debug|Any CPU.ActiveCfg = Debug|Any CPU
		{E657667B-A35B-4A59-B5A4-CBD7E361C910}.Debug|Any CPU.Build.0 = Debug|Any CPU
		{E657667B-A35B-4A59-B5A4-CBD7E361C910}.Release|Any CPU.ActiveCfg = Release|Any CPU
		{E657667B-A35B-4A59-B5A4-CBD7E361C910}.Release|Any CPU.Build.0 = Release|Any CPU
		{F84F93F1-30F5-4C26-91D2-7FA64F62A22C}.Debug|Any CPU.ActiveCfg = Debug|Any CPU
		{F84F93F1-30F5-4C26-91D2-7FA64F62A22C}.Debug|Any CPU.Build.0 = Debug|Any CPU
		{F84F93F1-30F5-4C26-91D2-7FA64F62A22C}.Release|Any CPU.ActiveCfg = Release|Any CPU
		{F84F93F1-30F5-4C26-91D2-7FA64F62A22C}.Release|Any CPU.Build.0 = Release|Any CPU
		{AA6342D3-331C-4660-9E91-5E58DA96A5F8}.Debug|Any CPU.ActiveCfg = Debug|Any CPU
		{AA6342D3-331C-4660-9E91-5E58DA96A5F8}.Debug|Any CPU.Build.0 = Debug|Any CPU
		{AA6342D3-331C-4660-9E91-5E58DA96A5F8}.Release|Any CPU.ActiveCfg = Release|Any CPU
		{AA6342D3-331C-4660-9E91-5E58DA96A5F8}.Release|Any CPU.Build.0 = Release|Any CPU
	EndGlobalSection
	GlobalSection(SolutionProperties) = preSolution
		HideSolutionNode = FALSE
	EndGlobalSection
	GlobalSection(ExtensibilityGlobals) = postSolution
		SolutionGuid = {32BDCE1E-E752-4260-B853-0FCFB03A37B6}
	EndGlobalSection
EndGlobal
