
Microsoft Visual Studio Solution File, Format Version 12.00
# Visual Studio Version 17
VisualStudioVersion = 17.3.32922.545
MinimumVisualStudioVersion = 10.0.40219.1
Project("{9A19103F-16F7-4668-BE54-9A1E7A4F7556}") = "01IntegerOperations", "ConsoleApp2\01IntegerOperations.csproj", "{E4890FC1-C524-48F9-91CD-6DCBDD272CAA}"
EndProject
Project("{9A19103F-16F7-4668-BE54-9A1E7A4F7556}") = "02SumOfDigits", "02SumOfDigits\02SumOfDigits.csproj", "{1A3C924F-5C4C-415B-899C-7B1CA27A0AF3}"
EndProject
Project("{9A19103F-16F7-4668-BE54-9A1E7A4F7556}") = "03Elevator", "03Elevator\03Elevator.csproj", "{EF0210EC-7FCE-41AD-BECB-0D973D9470AA}"
EndProject
Project("{9A19103F-16F7-4668-BE54-9A1E7A4F7556}") = "04SumOfCharsASSCII", "04SumOfCharsASSCII\04SumOfCharsASSCII.csproj", "{C714A2B6-7B63-494D-9069-B849F2C126B6}"
EndProject
Project("{9A19103F-16F7-4668-BE54-9A1E7A4F7556}") = "05PrintPartOfAsscii", "05PrintPartOfAsscii\05PrintPartOfAsscii.csproj", "{59B6D15F-F3A1-4ECE-9222-3ECA146714E1}"
EndProject
Project("{9A19103F-16F7-4668-BE54-9A1E7A4F7556}") = "06TriplesOfLatinLatters", "06TriplesOfLatinLatters\06TriplesOfLatinLatters.csproj", "{CD420F5C-A8D4-49EA-86CD-F8CD4F4E37CC}"
EndProject
Project("{9A19103F-16F7-4668-BE54-9A1E7A4F7556}") = "07WaterFlow", "07WaterFlow\07WaterFlow.csproj", "{01034E27-52F2-4A5C-8C41-95DE9557DF99}"
EndProject
Project("{9A19103F-16F7-4668-BE54-9A1E7A4F7556}") = "08BeerKegs", "08BeerKegs\08BeerKegs.csproj", "{584A86EF-A9C3-4B38-9CEB-59087F19F12F}"
EndProject
Project("{9A19103F-16F7-4668-BE54-9A1E7A4F7556}") = "09SpiceFlow", "09SpiceFlow\09SpiceFlow.csproj", "{F7C7A634-60B1-4101-BA42-78862E2F6F90}"
EndProject
Project("{9A19103F-16F7-4668-BE54-9A1E7A4F7556}") = "10Pokemon", "10Pokemon\10Pokemon.csproj", "{DBB15093-4BE4-42F9-8F25-59DEF990E607}"
EndProject
Project("{9A19103F-16F7-4668-BE54-9A1E7A4F7556}") = "11SnowBalls", "11SnowBalls\11SnowBalls.csproj", "{AB1C3259-9E9A-4423-B608-C09CA61E5262}"
EndProject
Project("{FAE04EC0-301F-11D3-BF4B-00C04F79EFBC}") = "01MoreEx FindAtype", "01MoreEx FindAtype\01MoreEx FindAtype.csproj", "{0E7D2F7B-42B7-4CBF-B4DC-238A9E2A16A6}"
EndProject
Project("{FAE04EC0-301F-11D3-BF4B-00C04F79EFBC}") = "02MoreEx CompereNums", "02MoreEx CompereNums\02MoreEx CompereNums.csproj", "{74BFB69A-382F-480B-A617-3CA6E549BED8}"
EndProject
Global
	GlobalSection(SolutionConfigurationPlatforms) = preSolution
		Debug|Any CPU = Debug|Any CPU
		Release|Any CPU = Release|Any CPU
	EndGlobalSection
	GlobalSection(ProjectConfigurationPlatforms) = postSolution
		{E4890FC1-C524-48F9-91CD-6DCBDD272CAA}.Debug|Any CPU.ActiveCfg = Debug|Any CPU
		{E4890FC1-C524-48F9-91CD-6DCBDD272CAA}.Debug|Any CPU.Build.0 = Debug|Any CPU
		{E4890FC1-C524-48F9-91CD-6DCBDD272CAA}.Release|Any CPU.ActiveCfg = Release|Any CPU
		{E4890FC1-C524-48F9-91CD-6DCBDD272CAA}.Release|Any CPU.Build.0 = Release|Any CPU
		{1A3C924F-5C4C-415B-899C-7B1CA27A0AF3}.Debug|Any CPU.ActiveCfg = Debug|Any CPU
		{1A3C924F-5C4C-415B-899C-7B1CA27A0AF3}.Debug|Any CPU.Build.0 = Debug|Any CPU
		{1A3C924F-5C4C-415B-899C-7B1CA27A0AF3}.Release|Any CPU.ActiveCfg = Release|Any CPU
		{1A3C924F-5C4C-415B-899C-7B1CA27A0AF3}.Release|Any CPU.Build.0 = Release|Any CPU
		{EF0210EC-7FCE-41AD-BECB-0D973D9470AA}.Debug|Any CPU.ActiveCfg = Debug|Any CPU
		{EF0210EC-7FCE-41AD-BECB-0D973D9470AA}.Debug|Any CPU.Build.0 = Debug|Any CPU
		{EF0210EC-7FCE-41AD-BECB-0D973D9470AA}.Release|Any CPU.ActiveCfg = Release|Any CPU
		{EF0210EC-7FCE-41AD-BECB-0D973D9470AA}.Release|Any CPU.Build.0 = Release|Any CPU
		{C714A2B6-7B63-494D-9069-B849F2C126B6}.Debug|Any CPU.ActiveCfg = Debug|Any CPU
		{C714A2B6-7B63-494D-9069-B849F2C126B6}.Debug|Any CPU.Build.0 = Debug|Any CPU
		{C714A2B6-7B63-494D-9069-B849F2C126B6}.Release|Any CPU.ActiveCfg = Release|Any CPU
		{C714A2B6-7B63-494D-9069-B849F2C126B6}.Release|Any CPU.Build.0 = Release|Any CPU
		{59B6D15F-F3A1-4ECE-9222-3ECA146714E1}.Debug|Any CPU.ActiveCfg = Debug|Any CPU
		{59B6D15F-F3A1-4ECE-9222-3ECA146714E1}.Debug|Any CPU.Build.0 = Debug|Any CPU
		{59B6D15F-F3A1-4ECE-9222-3ECA146714E1}.Release|Any CPU.ActiveCfg = Release|Any CPU
		{59B6D15F-F3A1-4ECE-9222-3ECA146714E1}.Release|Any CPU.Build.0 = Release|Any CPU
		{CD420F5C-A8D4-49EA-86CD-F8CD4F4E37CC}.Debug|Any CPU.ActiveCfg = Debug|Any CPU
		{CD420F5C-A8D4-49EA-86CD-F8CD4F4E37CC}.Debug|Any CPU.Build.0 = Debug|Any CPU
		{CD420F5C-A8D4-49EA-86CD-F8CD4F4E37CC}.Release|Any CPU.ActiveCfg = Release|Any CPU
		{CD420F5C-A8D4-49EA-86CD-F8CD4F4E37CC}.Release|Any CPU.Build.0 = Release|Any CPU
		{01034E27-52F2-4A5C-8C41-95DE9557DF99}.Debug|Any CPU.ActiveCfg = Debug|Any CPU
		{01034E27-52F2-4A5C-8C41-95DE9557DF99}.Debug|Any CPU.Build.0 = Debug|Any CPU
		{01034E27-52F2-4A5C-8C41-95DE9557DF99}.Release|Any CPU.ActiveCfg = Release|Any CPU
		{01034E27-52F2-4A5C-8C41-95DE9557DF99}.Release|Any CPU.Build.0 = Release|Any CPU
		{584A86EF-A9C3-4B38-9CEB-59087F19F12F}.Debug|Any CPU.ActiveCfg = Debug|Any CPU
		{584A86EF-A9C3-4B38-9CEB-59087F19F12F}.Debug|Any CPU.Build.0 = Debug|Any CPU
		{584A86EF-A9C3-4B38-9CEB-59087F19F12F}.Release|Any CPU.ActiveCfg = Release|Any CPU
		{584A86EF-A9C3-4B38-9CEB-59087F19F12F}.Release|Any CPU.Build.0 = Release|Any CPU
		{F7C7A634-60B1-4101-BA42-78862E2F6F90}.Debug|Any CPU.ActiveCfg = Debug|Any CPU
		{F7C7A634-60B1-4101-BA42-78862E2F6F90}.Debug|Any CPU.Build.0 = Debug|Any CPU
		{F7C7A634-60B1-4101-BA42-78862E2F6F90}.Release|Any CPU.ActiveCfg = Release|Any CPU
		{F7C7A634-60B1-4101-BA42-78862E2F6F90}.Release|Any CPU.Build.0 = Release|Any CPU
		{DBB15093-4BE4-42F9-8F25-59DEF990E607}.Debug|Any CPU.ActiveCfg = Debug|Any CPU
		{DBB15093-4BE4-42F9-8F25-59DEF990E607}.Debug|Any CPU.Build.0 = Debug|Any CPU
		{DBB15093-4BE4-42F9-8F25-59DEF990E607}.Release|Any CPU.ActiveCfg = Release|Any CPU
		{DBB15093-4BE4-42F9-8F25-59DEF990E607}.Release|Any CPU.Build.0 = Release|Any CPU
		{AB1C3259-9E9A-4423-B608-C09CA61E5262}.Debug|Any CPU.ActiveCfg = Debug|Any CPU
		{AB1C3259-9E9A-4423-B608-C09CA61E5262}.Debug|Any CPU.Build.0 = Debug|Any CPU
		{AB1C3259-9E9A-4423-B608-C09CA61E5262}.Release|Any CPU.ActiveCfg = Release|Any CPU
		{AB1C3259-9E9A-4423-B608-C09CA61E5262}.Release|Any CPU.Build.0 = Release|Any CPU
		{0E7D2F7B-42B7-4CBF-B4DC-238A9E2A16A6}.Debug|Any CPU.ActiveCfg = Debug|Any CPU
		{0E7D2F7B-42B7-4CBF-B4DC-238A9E2A16A6}.Debug|Any CPU.Build.0 = Debug|Any CPU
		{0E7D2F7B-42B7-4CBF-B4DC-238A9E2A16A6}.Release|Any CPU.ActiveCfg = Release|Any CPU
		{0E7D2F7B-42B7-4CBF-B4DC-238A9E2A16A6}.Release|Any CPU.Build.0 = Release|Any CPU
		{74BFB69A-382F-480B-A617-3CA6E549BED8}.Debug|Any CPU.ActiveCfg = Debug|Any CPU
		{74BFB69A-382F-480B-A617-3CA6E549BED8}.Debug|Any CPU.Build.0 = Debug|Any CPU
		{74BFB69A-382F-480B-A617-3CA6E549BED8}.Release|Any CPU.ActiveCfg = Release|Any CPU
		{74BFB69A-382F-480B-A617-3CA6E549BED8}.Release|Any CPU.Build.0 = Release|Any CPU
	EndGlobalSection
	GlobalSection(SolutionProperties) = preSolution
		HideSolutionNode = FALSE
	EndGlobalSection
	GlobalSection(ExtensibilityGlobals) = postSolution
		SolutionGuid = {6ED0A895-9A0D-4280-8541-5B15A5999801}
	EndGlobalSection
EndGlobal
